SITE
  remote: http://community.opscode.com/api/v1
  specs:
    7-zip (1.0.2)
      windows (>= 1.2.2)
    apt (2.6.1)
    ark (0.9.0)
      7-zip (>= 0.0.0)
      windows (>= 0.0.0)
    build-essential (2.1.3)
    chef_handler (1.1.6)
    dmg (2.2.2)
    git (4.1.0)
      build-essential (>= 0.0.0)
      dmg (>= 0.0.0)
      runit (>= 1.0)
      windows (>= 0.0.0)
      yum (~> 3.0)
      yum-epel (>= 0.0.0)
    nodejs (2.2.0)
      apt (>= 0.0.0)
      ark (>= 0.0.0)
      build-essential (>= 0.0.0)
      yum-epel (>= 0.0.0)
    ohai (2.0.1)
    rbenv (1.7.1)
      apt (>= 0.0.0)
      build-essential (>= 0.0.0)
      git (>= 0.0.0)
      ohai (>= 1.1)
    runit (1.5.12)
      build-essential (>= 0.0.0)
      yum (~> 3.0)
      yum-epel (>= 0.0.0)
    windows (1.36.1)
      chef_handler (>= 0.0.0)
    yum (3.5.2)
    yum-epel (0.6.0)
      yum (~> 3.0)

GIT
  remote: https://github.com/HolyCow/sqlite-dev
  ref: master
  sha: 1a3077f2dec9b08c2db676c29b8d4122023fb0ee
  specs:
    sqlite-dev (0.0.2)

PATH
  remote: customcookbooks/railsstarter
  specs:
    railsstarter (0.0.1)
      nodejs (>= 0.0.0)
      rbenv (>= 0.0.0)

DEPENDENCIES
  nodejs (>= 0)
  railsstarter (>= 0)
  rbenv (>= 0)
  sqlite-dev (>= 0)

